
Microsoft Visual Studio Solution File, Format Version 11.00
# Visual Studio 2010
Project("{FAE04EC0-301F-11D3-BF4B-00C04F79EFBC}") = "Assembly-CSharp", "Assembly-CSharp.csproj", "{fa3ff011-d108-8363-7c34-86e2772210f3}"
EndProject
Project("{FAE04EC0-301F-11D3-BF4B-00C04F79EFBC}") = "Assembly-CSharp-firstpass", "Assembly-CSharp-firstpass.csproj", "{54de6cb0-efa8-d456-f1be-df8b461f1993}"
EndProject
Project("{FAE04EC0-301F-11D3-BF4B-00C04F79EFBC}") = "Assembly-CSharp-Editor-firstpass", "Assembly-CSharp-Editor-firstpass.csproj", "{44f93546-5728-3cba-5f08-d105c46d89fb}"
EndProject
Global
	GlobalSection(SolutionConfigurationPlatforms) = preSolution
		Debug|Any CPU = Debug|Any CPU
		Release|Any CPU = Release|Any CPU
	EndGlobalSection
	GlobalSection(ProjectConfigurationPlatforms) = postSolution
		{fa3ff011-d108-8363-7c34-86e2772210f3}.Debug|Any CPU.ActiveCfg = Debug|Any CPU
		{fa3ff011-d108-8363-7c34-86e2772210f3}.Debug|Any CPU.Build.0 = Debug|Any CPU
		{fa3ff011-d108-8363-7c34-86e2772210f3}.Release|Any CPU.ActiveCfg = Release|Any CPU
		{fa3ff011-d108-8363-7c34-86e2772210f3}.Release|Any CPU.Build.0 = Release|Any CPU
		{54de6cb0-efa8-d456-f1be-df8b461f1993}.Debug|Any CPU.ActiveCfg = Debug|Any CPU
		{54de6cb0-efa8-d456-f1be-df8b461f1993}.Debug|Any CPU.Build.0 = Debug|Any CPU
		{54de6cb0-efa8-d456-f1be-df8b461f1993}.Release|Any CPU.ActiveCfg = Release|Any CPU
		{54de6cb0-efa8-d456-f1be-df8b461f1993}.Release|Any CPU.Build.0 = Release|Any CPU
		{44f93546-5728-3cba-5f08-d105c46d89fb}.Debug|Any CPU.ActiveCfg = Debug|Any CPU
		{44f93546-5728-3cba-5f08-d105c46d89fb}.Debug|Any CPU.Build.0 = Debug|Any CPU
		{44f93546-5728-3cba-5f08-d105c46d89fb}.Release|Any CPU.ActiveCfg = Release|Any CPU
		{44f93546-5728-3cba-5f08-d105c46d89fb}.Release|Any CPU.Build.0 = Release|Any CPU
	EndGlobalSection
	GlobalSection(SolutionProperties) = preSolution
		HideSolutionNode = FALSE
	EndGlobalSection
EndGlobal
